
Microsoft Visual Studio Solution File, Format Version 12.00
# Visual Studio Version 17
VisualStudioVersion = 17.8.34525.116
MinimumVisualStudioVersion = 10.0.40219.1
Project("{FAE04EC0-301F-11D3-BF4B-00C04F79EFBC}") = "BlockchainParsing", "BlockchainParsing\BlockchainParsing.csproj", "{FF19F4D7-169F-4B41-B3E4-ECF81F2E2A48}"
EndProject
Global
	GlobalSection(SolutionConfigurationPlatforms) = preSolution
		Debug|Any CPU = Debug|Any CPU
		Release|Any CPU = Release|Any CPU
	EndGlobalSection
	GlobalSection(ProjectConfigurationPlatforms) = postSolution
		{FF19F4D7-169F-4B41-B3E4-ECF81F2E2A48}.Debug|Any CPU.ActiveCfg = Debug|Any CPU
		{FF19F4D7-169F-4B41-B3E4-ECF81F2E2A48}.Debug|Any CPU.Build.0 = Debug|Any CPU
		{FF19F4D7-169F-4B41-B3E4-ECF81F2E2A48}.Release|Any CPU.ActiveCfg = Release|Any CPU
		{FF19F4D7-169F-4B41-B3E4-ECF81F2E2A48}.Release|Any CPU.Build.0 = Release|Any CPU
	EndGlobalSection
	GlobalSection(SolutionProperties) = preSolution
		HideSolutionNode = FALSE
	EndGlobalSection
	GlobalSection(ExtensibilityGlobals) = postSolution
		SolutionGuid = {72F27C6F-4F00-48AA-BE04-BC808CB0CAC2}
	EndGlobalSection
EndGlobal
